
Microsoft Visual Studio Solution File, Format Version 12.00
# Visual Studio Version 16
VisualStudioVersion = 16.0.31112.23
MinimumVisualStudioVersion = 10.0.40219.1
Project("{9A19103F-16F7-4668-BE54-9A1E7A4F7556}") = "ProjectManager.API", "ProjectManager.API\ProjectManager.API.csproj", "{D96C45E0-D20A-4EAC-A6EC-1B9D875198FA}"
EndProject
Project("{9A19103F-16F7-4668-BE54-9A1E7A4F7556}") = "ProjectManager.Domain", "ProjectManager.Domain\ProjectManager.Domain.csproj", "{64973926-2050-4132-B878-FDFE24A259BE}"
EndProject
Project("{9A19103F-16F7-4668-BE54-9A1E7A4F7556}") = "ProjectManager.Infrastructure", "ProjectManager.Infrastructure\ProjectManager.Infrastructure.csproj", "{7085DC8F-EF5A-4DDD-AA63-DD1D46ED1171}"
EndProject
Project("{FAE04EC0-301F-11D3-BF4B-00C04F79EFBC}") = "ProjectManager.Application", "ProjectManager.Application\ProjectManager.Application.csproj", "{1A37396F-0F80-4025-A101-2E132D6C5695}"
EndProject
Project("{FAE04EC0-301F-11D3-BF4B-00C04F79EFBC}") = "ProjectManager.Tests", "ProjectManager.Tests\ProjectManager.Tests.csproj", "{6571CBAE-983A-4B4A-9BDE-238B3AEDBE3C}"
EndProject
Global
	GlobalSection(SolutionConfigurationPlatforms) = preSolution
		Debug|Any CPU = Debug|Any CPU
		Release|Any CPU = Release|Any CPU
	EndGlobalSection
	GlobalSection(ProjectConfigurationPlatforms) = postSolution
		{D96C45E0-D20A-4EAC-A6EC-1B9D875198FA}.Debug|Any CPU.ActiveCfg = Debug|Any CPU
		{D96C45E0-D20A-4EAC-A6EC-1B9D875198FA}.Debug|Any CPU.Build.0 = Debug|Any CPU
		{D96C45E0-D20A-4EAC-A6EC-1B9D875198FA}.Release|Any CPU.ActiveCfg = Release|Any CPU
		{D96C45E0-D20A-4EAC-A6EC-1B9D875198FA}.Release|Any CPU.Build.0 = Release|Any CPU
		{64973926-2050-4132-B878-FDFE24A259BE}.Debug|Any CPU.ActiveCfg = Debug|Any CPU
		{64973926-2050-4132-B878-FDFE24A259BE}.Debug|Any CPU.Build.0 = Debug|Any CPU
		{64973926-2050-4132-B878-FDFE24A259BE}.Release|Any CPU.ActiveCfg = Release|Any CPU
		{64973926-2050-4132-B878-FDFE24A259BE}.Release|Any CPU.Build.0 = Release|Any CPU
		{7085DC8F-EF5A-4DDD-AA63-DD1D46ED1171}.Debug|Any CPU.ActiveCfg = Debug|Any CPU
		{7085DC8F-EF5A-4DDD-AA63-DD1D46ED1171}.Debug|Any CPU.Build.0 = Debug|Any CPU
		{7085DC8F-EF5A-4DDD-AA63-DD1D46ED1171}.Release|Any CPU.ActiveCfg = Release|Any CPU
		{7085DC8F-EF5A-4DDD-AA63-DD1D46ED1171}.Release|Any CPU.Build.0 = Release|Any CPU
		{1A37396F-0F80-4025-A101-2E132D6C5695}.Debug|Any CPU.ActiveCfg = Debug|Any CPU
		{1A37396F-0F80-4025-A101-2E132D6C5695}.Debug|Any CPU.Build.0 = Debug|Any CPU
		{1A37396F-0F80-4025-A101-2E132D6C5695}.Release|Any CPU.ActiveCfg = Release|Any CPU
		{1A37396F-0F80-4025-A101-2E132D6C5695}.Release|Any CPU.Build.0 = Release|Any CPU
		{6571CBAE-983A-4B4A-9BDE-238B3AEDBE3C}.Debug|Any CPU.ActiveCfg = Debug|Any CPU
		{6571CBAE-983A-4B4A-9BDE-238B3AEDBE3C}.Debug|Any CPU.Build.0 = Debug|Any CPU
		{6571CBAE-983A-4B4A-9BDE-238B3AEDBE3C}.Release|Any CPU.ActiveCfg = Release|Any CPU
		{6571CBAE-983A-4B4A-9BDE-238B3AEDBE3C}.Release|Any CPU.Build.0 = Release|Any CPU
	EndGlobalSection
	GlobalSection(SolutionProperties) = preSolution
		HideSolutionNode = FALSE
	EndGlobalSection
	GlobalSection(ExtensibilityGlobals) = postSolution
		SolutionGuid = {E5103C27-EDA6-4F55-A212-0CCEF2CCA4CE}
	EndGlobalSection
EndGlobal
